// !$*UTF8*$!
{
	archiveVersion = 1;
	classes = {
	};
	objectVersion = 55;
	objects = {

/* Begin PBXBuildFile section */
		2C9B46B228C14105003EE062 /* CitiesCell.swift in Sources */ = {isa = PBXBuildFile; fileRef = 2C9B46B128C14105003EE062 /* CitiesCell.swift */; };
		2C9B46B428C221F5003EE062 /* MoreInformationController.swift in Sources */ = {isa = PBXBuildFile; fileRef = 2C9B46B328C221F5003EE062 /* MoreInformationController.swift */; };
		2C9B46B628C2223B003EE062 /* MoreInformationFactoriable.swift in Sources */ = {isa = PBXBuildFile; fileRef = 2C9B46B528C2223B003EE062 /* MoreInformationFactoriable.swift */; };
		2CFC1E1C28BF930800BCFD6F /* AppDelegate.swift in Sources */ = {isa = PBXBuildFile; fileRef = 2CFC1E1B28BF930800BCFD6F /* AppDelegate.swift */; };
		2CFC1E2528BF930A00BCFD6F /* Assets.xcassets in Resources */ = {isa = PBXBuildFile; fileRef = 2CFC1E2428BF930A00BCFD6F /* Assets.xcassets */; };
		2CFC1E3328BF938300BCFD6F /* SceneCoordinator.swift in Sources */ = {isa = PBXBuildFile; fileRef = 2CFC1E3128BF938300BCFD6F /* SceneCoordinator.swift */; };
		2CFC1E3428BF938300BCFD6F /* SceneDelegate.swift in Sources */ = {isa = PBXBuildFile; fileRef = 2CFC1E3228BF938300BCFD6F /* SceneDelegate.swift */; };
		2CFC1E3828BF93AC00BCFD6F /* Coordinatorable.swift in Sources */ = {isa = PBXBuildFile; fileRef = 2CFC1E3628BF93AC00BCFD6F /* Coordinatorable.swift */; };
		2CFC1E3928BF93AC00BCFD6F /* BaseCoordinator.swift in Sources */ = {isa = PBXBuildFile; fileRef = 2CFC1E3728BF93AC00BCFD6F /* BaseCoordinator.swift */; };
		2CFC1E3D28BF93C600BCFD6F /* CoordinatorFactoriable.swift in Sources */ = {isa = PBXBuildFile; fileRef = 2CFC1E3B28BF93C600BCFD6F /* CoordinatorFactoriable.swift */; };
		2CFC1E3E28BF93C600BCFD6F /* CoordinatorFactory.swift in Sources */ = {isa = PBXBuildFile; fileRef = 2CFC1E3C28BF93C600BCFD6F /* CoordinatorFactory.swift */; };
		2CFC1E4528BF93E400BCFD6F /* ModuleFactory.swift in Sources */ = {isa = PBXBuildFile; fileRef = 2CFC1E4028BF93E400BCFD6F /* ModuleFactory.swift */; };
		2CFC1E4628BF93E400BCFD6F /* WeatherModuleFactoriable.swift in Sources */ = {isa = PBXBuildFile; fileRef = 2CFC1E4128BF93E400BCFD6F /* WeatherModuleFactoriable.swift */; };
		2CFC1E4728BF93E400BCFD6F /* CitiesTableModuleFactoriable.swift in Sources */ = {isa = PBXBuildFile; fileRef = 2CFC1E4228BF93E400BCFD6F /* CitiesTableModuleFactoriable.swift */; };
		2CFC1E4828BF93E400BCFD6F /* CitiesSearchModuleFactoriable.swift in Sources */ = {isa = PBXBuildFile; fileRef = 2CFC1E4328BF93E400BCFD6F /* CitiesSearchModuleFactoriable.swift */; };
		2CFC1E4928BF93E400BCFD6F /* WeatherPageModuleFactoriable.swift in Sources */ = {isa = PBXBuildFile; fileRef = 2CFC1E4428BF93E400BCFD6F /* WeatherPageModuleFactoriable.swift */; };
		2CFC1E5028BF940B00BCFD6F /* Presentable.swift in Sources */ = {isa = PBXBuildFile; fileRef = 2CFC1E4B28BF940B00BCFD6F /* Presentable.swift */; };
		2CFC1E5128BF940B00BCFD6F /* PageControllable.swift in Sources */ = {isa = PBXBuildFile; fileRef = 2CFC1E4C28BF940B00BCFD6F /* PageControllable.swift */; };
		2CFC1E5228BF940B00BCFD6F /* Router.swift in Sources */ = {isa = PBXBuildFile; fileRef = 2CFC1E4D28BF940B00BCFD6F /* Router.swift */; };
		2CFC1E5328BF940B00BCFD6F /* Routerable.swift in Sources */ = {isa = PBXBuildFile; fileRef = 2CFC1E4E28BF940B00BCFD6F /* Routerable.swift */; };
		2CFC1E5428BF940B00BCFD6F /* NavigationControllable.swift in Sources */ = {isa = PBXBuildFile; fileRef = 2CFC1E4F28BF940B00BCFD6F /* NavigationControllable.swift */; };
		2CFC1E5E28BF942600BCFD6F /* WeatherIcon.swift in Sources */ = {isa = PBXBuildFile; fileRef = 2CFC1E5628BF942600BCFD6F /* WeatherIcon.swift */; };
		2CFC1E5F28BF942600BCFD6F /* WeatherPageController.swift in Sources */ = {isa = PBXBuildFile; fileRef = 2CFC1E5728BF942600BCFD6F /* WeatherPageController.swift */; };
		2CFC1E6028BF942600BCFD6F /* CitiesSearchController.swift in Sources */ = {isa = PBXBuildFile; fileRef = 2CFC1E5828BF942600BCFD6F /* CitiesSearchController.swift */; };
		2CFC1E6128BF942600BCFD6F /* WeatherColors.swift in Sources */ = {isa = PBXBuildFile; fileRef = 2CFC1E5928BF942600BCFD6F /* WeatherColors.swift */; };
		2CFC1E6228BF942600BCFD6F /* MainCoordinator.swift in Sources */ = {isa = PBXBuildFile; fileRef = 2CFC1E5A28BF942600BCFD6F /* MainCoordinator.swift */; };
		2CFC1E6328BF942600BCFD6F /* CitiesTableController.swift in Sources */ = {isa = PBXBuildFile; fileRef = 2CFC1E5B28BF942600BCFD6F /* CitiesTableController.swift */; };
		2CFC1E6428BF942600BCFD6F /* WeatherInterfaceComponents.swift in Sources */ = {isa = PBXBuildFile; fileRef = 2CFC1E5C28BF942600BCFD6F /* WeatherInterfaceComponents.swift */; };
		2CFC1E6528BF942600BCFD6F /* WeatherController.swift in Sources */ = {isa = PBXBuildFile; fileRef = 2CFC1E5D28BF942600BCFD6F /* WeatherController.swift */; };
		2CFC1EA628BF96B200BCFD6F /* WeatherModel.swift in Sources */ = {isa = PBXBuildFile; fileRef = 2CFC1EA528BF96B200BCFD6F /* WeatherModel.swift */; };
		2CFC1EA928BF96D300BCFD6F /* CitiesSearcherOperation.swift in Sources */ = {isa = PBXBuildFile; fileRef = 2CFC1EA828BF96D300BCFD6F /* CitiesSearcherOperation.swift */; };
		2CFC1EAB28BF96D900BCFD6F /* CitiesSearcherDelegate.swift in Sources */ = {isa = PBXBuildFile; fileRef = 2CFC1EAA28BF96D900BCFD6F /* CitiesSearcherDelegate.swift */; };
		2CFC1EAD28BF96DF00BCFD6F /* CitiesSearchRequestComponents.swift in Sources */ = {isa = PBXBuildFile; fileRef = 2CFC1EAC28BF96DF00BCFD6F /* CitiesSearchRequestComponents.swift */; };
		2CFC1EAF28BF96F300BCFD6F /* CitiesSearchConstants.swift in Sources */ = {isa = PBXBuildFile; fileRef = 2CFC1EAE28BF96F300BCFD6F /* CitiesSearchConstants.swift */; };
		2CFC1EB128BF970D00BCFD6F /* CitiesSearchModel.swift in Sources */ = {isa = PBXBuildFile; fileRef = 2CFC1EB028BF970D00BCFD6F /* CitiesSearchModel.swift */; };
		2CFC1EB328BF971300BCFD6F /* Coordinates.swift in Sources */ = {isa = PBXBuildFile; fileRef = 2CFC1EB228BF971300BCFD6F /* Coordinates.swift */; };
		2CFC1EB728BF972800BCFD6F /* WeatherModelConstants.swift in Sources */ = {isa = PBXBuildFile; fileRef = 2CFC1EB628BF972800BCFD6F /* WeatherModelConstants.swift */; };
		2CFC1EB928BF973000BCFD6F /* UserDefaultsKeys.swift in Sources */ = {isa = PBXBuildFile; fileRef = 2CFC1EB828BF973000BCFD6F /* UserDefaultsKeys.swift */; };
		2CFC1EC328BF974900BCFD6F /* GeoCityRequestComponents.swift in Sources */ = {isa = PBXBuildFile; fileRef = 2CFC1EBD28BF974900BCFD6F /* GeoCityRequestComponents.swift */; };
		2CFC1EC428BF974900BCFD6F /* URLConfigurationKeys.swift in Sources */ = {isa = PBXBuildFile; fileRef = 2CFC1EBF28BF974900BCFD6F /* URLConfigurationKeys.swift */; };
		2CFC1EC528BF974900BCFD6F /* Downloader.swift in Sources */ = {isa = PBXBuildFile; fileRef = 2CFC1EC028BF974900BCFD6F /* Downloader.swift */; };
		2CFC1EC628BF974900BCFD6F /* APIComponents.swift in Sources */ = {isa = PBXBuildFile; fileRef = 2CFC1EC128BF974900BCFD6F /* APIComponents.swift */; };
		2CFC1EC728BF974900BCFD6F /* WeatherRequestComponents.swift in Sources */ = {isa = PBXBuildFile; fileRef = 2CFC1EC228BF974900BCFD6F /* WeatherRequestComponents.swift */; };
/* End PBXBuildFile section */

/* Begin PBXFileReference section */
		2C9B46B128C14105003EE062 /* CitiesCell.swift */ = {isa = PBXFileReference; lastKnownFileType = sourcecode.swift; path = CitiesCell.swift; sourceTree = "<group>"; };
		2C9B46B328C221F5003EE062 /* MoreInformationController.swift */ = {isa = PBXFileReference; lastKnownFileType = sourcecode.swift; path = MoreInformationController.swift; sourceTree = "<group>"; };
		2C9B46B528C2223B003EE062 /* MoreInformationFactoriable.swift */ = {isa = PBXFileReference; lastKnownFileType = sourcecode.swift; path = MoreInformationFactoriable.swift; sourceTree = "<group>"; };
		2CFC1E1828BF930800BCFD6F /* WeatherApp.app */ = {isa = PBXFileReference; explicitFileType = wrapper.application; includeInIndex = 0; path = WeatherApp.app; sourceTree = BUILT_PRODUCTS_DIR; };
		2CFC1E1B28BF930800BCFD6F /* AppDelegate.swift */ = {isa = PBXFileReference; lastKnownFileType = sourcecode.swift; path = AppDelegate.swift; sourceTree = "<group>"; };
		2CFC1E2428BF930A00BCFD6F /* Assets.xcassets */ = {isa = PBXFileReference; lastKnownFileType = folder.assetcatalog; path = Assets.xcassets; sourceTree = "<group>"; };
		2CFC1E2928BF930A00BCFD6F /* Info.plist */ = {isa = PBXFileReference; lastKnownFileType = text.plist.xml; path = Info.plist; sourceTree = "<group>"; };
		2CFC1E3128BF938300BCFD6F /* SceneCoordinator.swift */ = {isa = PBXFileReference; fileEncoding = 4; lastKnownFileType = sourcecode.swift; path = SceneCoordinator.swift; sourceTree = "<group>"; };
		2CFC1E3228BF938300BCFD6F /* SceneDelegate.swift */ = {isa = PBXFileReference; fileEncoding = 4; lastKnownFileType = sourcecode.swift; path = SceneDelegate.swift; sourceTree = "<group>"; };
		2CFC1E3628BF93AC00BCFD6F /* Coordinatorable.swift */ = {isa = PBXFileReference; fileEncoding = 4; lastKnownFileType = sourcecode.swift; path = Coordinatorable.swift; sourceTree = "<group>"; };
		2CFC1E3728BF93AC00BCFD6F /* BaseCoordinator.swift */ = {isa = PBXFileReference; fileEncoding = 4; lastKnownFileType = sourcecode.swift; path = BaseCoordinator.swift; sourceTree = "<group>"; };
		2CFC1E3B28BF93C600BCFD6F /* CoordinatorFactoriable.swift */ = {isa = PBXFileReference; fileEncoding = 4; lastKnownFileType = sourcecode.swift; path = CoordinatorFactoriable.swift; sourceTree = "<group>"; };
		2CFC1E3C28BF93C600BCFD6F /* CoordinatorFactory.swift */ = {isa = PBXFileReference; fileEncoding = 4; lastKnownFileType = sourcecode.swift; path = CoordinatorFactory.swift; sourceTree = "<group>"; };
		2CFC1E4028BF93E400BCFD6F /* ModuleFactory.swift */ = {isa = PBXFileReference; fileEncoding = 4; lastKnownFileType = sourcecode.swift; path = ModuleFactory.swift; sourceTree = "<group>"; };
		2CFC1E4128BF93E400BCFD6F /* WeatherModuleFactoriable.swift */ = {isa = PBXFileReference; fileEncoding = 4; lastKnownFileType = sourcecode.swift; path = WeatherModuleFactoriable.swift; sourceTree = "<group>"; };
		2CFC1E4228BF93E400BCFD6F /* CitiesTableModuleFactoriable.swift */ = {isa = PBXFileReference; fileEncoding = 4; lastKnownFileType = sourcecode.swift; path = CitiesTableModuleFactoriable.swift; sourceTree = "<group>"; };
		2CFC1E4328BF93E400BCFD6F /* CitiesSearchModuleFactoriable.swift */ = {isa = PBXFileReference; fileEncoding = 4; lastKnownFileType = sourcecode.swift; path = CitiesSearchModuleFactoriable.swift; sourceTree = "<group>"; };
		2CFC1E4428BF93E400BCFD6F /* WeatherPageModuleFactoriable.swift */ = {isa = PBXFileReference; fileEncoding = 4; lastKnownFileType = sourcecode.swift; path = WeatherPageModuleFactoriable.swift; sourceTree = "<group>"; };
		2CFC1E4B28BF940B00BCFD6F /* Presentable.swift */ = {isa = PBXFileReference; fileEncoding = 4; lastKnownFileType = sourcecode.swift; path = Presentable.swift; sourceTree = "<group>"; };
		2CFC1E4C28BF940B00BCFD6F /* PageControllable.swift */ = {isa = PBXFileReference; fileEncoding = 4; lastKnownFileType = sourcecode.swift; path = PageControllable.swift; sourceTree = "<group>"; };
		2CFC1E4D28BF940B00BCFD6F /* Router.swift */ = {isa = PBXFileReference; fileEncoding = 4; lastKnownFileType = sourcecode.swift; path = Router.swift; sourceTree = "<group>"; };
		2CFC1E4E28BF940B00BCFD6F /* Routerable.swift */ = {isa = PBXFileReference; fileEncoding = 4; lastKnownFileType = sourcecode.swift; path = Routerable.swift; sourceTree = "<group>"; };
		2CFC1E4F28BF940B00BCFD6F /* NavigationControllable.swift */ = {isa = PBXFileReference; fileEncoding = 4; lastKnownFileType = sourcecode.swift; path = NavigationControllable.swift; sourceTree = "<group>"; };
		2CFC1E5628BF942600BCFD6F /* WeatherIcon.swift */ = {isa = PBXFileReference; fileEncoding = 4; lastKnownFileType = sourcecode.swift; path = WeatherIcon.swift; sourceTree = "<group>"; };
		2CFC1E5728BF942600BCFD6F /* WeatherPageController.swift */ = {isa = PBXFileReference; fileEncoding = 4; lastKnownFileType = sourcecode.swift; path = WeatherPageController.swift; sourceTree = "<group>"; };
		2CFC1E5828BF942600BCFD6F /* CitiesSearchController.swift */ = {isa = PBXFileReference; fileEncoding = 4; lastKnownFileType = sourcecode.swift; path = CitiesSearchController.swift; sourceTree = "<group>"; };
		2CFC1E5928BF942600BCFD6F /* WeatherColors.swift */ = {isa = PBXFileReference; fileEncoding = 4; lastKnownFileType = sourcecode.swift; path = WeatherColors.swift; sourceTree = "<group>"; };
		2CFC1E5A28BF942600BCFD6F /* MainCoordinator.swift */ = {isa = PBXFileReference; fileEncoding = 4; lastKnownFileType = sourcecode.swift; path = MainCoordinator.swift; sourceTree = "<group>"; };
		2CFC1E5B28BF942600BCFD6F /* CitiesTableController.swift */ = {isa = PBXFileReference; fileEncoding = 4; lastKnownFileType = sourcecode.swift; path = CitiesTableController.swift; sourceTree = "<group>"; };
		2CFC1E5C28BF942600BCFD6F /* WeatherInterfaceComponents.swift */ = {isa = PBXFileReference; fileEncoding = 4; lastKnownFileType = sourcecode.swift; path = WeatherInterfaceComponents.swift; sourceTree = "<group>"; };
		2CFC1E5D28BF942600BCFD6F /* WeatherController.swift */ = {isa = PBXFileReference; fileEncoding = 4; lastKnownFileType = sourcecode.swift; path = WeatherController.swift; sourceTree = "<group>"; };
		2CFC1EA528BF96B200BCFD6F /* WeatherModel.swift */ = {isa = PBXFileReference; fileEncoding = 4; lastKnownFileType = sourcecode.swift; path = WeatherModel.swift; sourceTree = "<group>"; };
		2CFC1EA828BF96D300BCFD6F /* CitiesSearcherOperation.swift */ = {isa = PBXFileReference; fileEncoding = 4; lastKnownFileType = sourcecode.swift; path = CitiesSearcherOperation.swift; sourceTree = "<group>"; };
		2CFC1EAA28BF96D900BCFD6F /* CitiesSearcherDelegate.swift */ = {isa = PBXFileReference; fileEncoding = 4; lastKnownFileType = sourcecode.swift; path = CitiesSearcherDelegate.swift; sourceTree = "<group>"; };
		2CFC1EAC28BF96DF00BCFD6F /* CitiesSearchRequestComponents.swift */ = {isa = PBXFileReference; fileEncoding = 4; lastKnownFileType = sourcecode.swift; path = CitiesSearchRequestComponents.swift; sourceTree = "<group>"; };
		2CFC1EAE28BF96F300BCFD6F /* CitiesSearchConstants.swift */ = {isa = PBXFileReference; fileEncoding = 4; lastKnownFileType = sourcecode.swift; path = CitiesSearchConstants.swift; sourceTree = "<group>"; };
		2CFC1EB028BF970D00BCFD6F /* CitiesSearchModel.swift */ = {isa = PBXFileReference; fileEncoding = 4; lastKnownFileType = sourcecode.swift; path = CitiesSearchModel.swift; sourceTree = "<group>"; };
		2CFC1EB228BF971300BCFD6F /* Coordinates.swift */ = {isa = PBXFileReference; fileEncoding = 4; lastKnownFileType = sourcecode.swift; path = Coordinates.swift; sourceTree = "<group>"; };
		2CFC1EB628BF972800BCFD6F /* WeatherModelConstants.swift */ = {isa = PBXFileReference; fileEncoding = 4; lastKnownFileType = sourcecode.swift; path = WeatherModelConstants.swift; sourceTree = "<group>"; };
		2CFC1EB828BF973000BCFD6F /* UserDefaultsKeys.swift */ = {isa = PBXFileReference; fileEncoding = 4; lastKnownFileType = sourcecode.swift; path = UserDefaultsKeys.swift; sourceTree = "<group>"; };
		2CFC1EBD28BF974900BCFD6F /* GeoCityRequestComponents.swift */ = {isa = PBXFileReference; fileEncoding = 4; lastKnownFileType = sourcecode.swift; path = GeoCityRequestComponents.swift; sourceTree = "<group>"; };
		2CFC1EBF28BF974900BCFD6F /* URLConfigurationKeys.swift */ = {isa = PBXFileReference; fileEncoding = 4; lastKnownFileType = sourcecode.swift; path = URLConfigurationKeys.swift; sourceTree = "<group>"; };
		2CFC1EC028BF974900BCFD6F /* Downloader.swift */ = {isa = PBXFileReference; fileEncoding = 4; lastKnownFileType = sourcecode.swift; path = Downloader.swift; sourceTree = "<group>"; };
		2CFC1EC128BF974900BCFD6F /* APIComponents.swift */ = {isa = PBXFileReference; fileEncoding = 4; lastKnownFileType = sourcecode.swift; path = APIComponents.swift; sourceTree = "<group>"; };
		2CFC1EC228BF974900BCFD6F /* WeatherRequestComponents.swift */ = {isa = PBXFileReference; fileEncoding = 4; lastKnownFileType = sourcecode.swift; path = WeatherRequestComponents.swift; sourceTree = "<group>"; };
/* End PBXFileReference section */

/* Begin PBXFrameworksBuildPhase section */
		2CFC1E1528BF930800BCFD6F /* Frameworks */ = {
			isa = PBXFrameworksBuildPhase;
			buildActionMask = 2147483647;
			files = (
			);
			runOnlyForDeploymentPostprocessing = 0;
		};
/* End PBXFrameworksBuildPhase section */

/* Begin PBXGroup section */
		2C9B46AF28C08799003EE062 /* WeatherController */ = {
			isa = PBXGroup;
			children = (
				2CFC1E5D28BF942600BCFD6F /* WeatherController.swift */,
				2CFC1E5628BF942600BCFD6F /* WeatherIcon.swift */,
				2CFC1E5928BF942600BCFD6F /* WeatherColors.swift */,
				2CFC1E5C28BF942600BCFD6F /* WeatherInterfaceComponents.swift */,
			);
			path = WeatherController;
			sourceTree = "<group>";
		};
		2C9B46B028C140EC003EE062 /* CitiesTableController */ = {
			isa = PBXGroup;
			children = (
				2CFC1E5B28BF942600BCFD6F /* CitiesTableController.swift */,
				2C9B46B128C14105003EE062 /* CitiesCell.swift */,
			);
			path = CitiesTableController;
			sourceTree = "<group>";
		};
		2CFC1E0F28BF930800BCFD6F = {
			isa = PBXGroup;
			children = (
				2CFC1E1A28BF930800BCFD6F /* WeatherApp */,
				2CFC1E1928BF930800BCFD6F /* Products */,
			);
			sourceTree = "<group>";
		};
		2CFC1E1928BF930800BCFD6F /* Products */ = {
			isa = PBXGroup;
			children = (
				2CFC1E1828BF930800BCFD6F /* WeatherApp.app */,
			);
			name = Products;
			sourceTree = "<group>";
		};
		2CFC1E1A28BF930800BCFD6F /* WeatherApp */ = {
			isa = PBXGroup;
			children = (
				2CFC1E1B28BF930800BCFD6F /* AppDelegate.swift */,
				2CFC1E3028BF938300BCFD6F /* Scene */,
				2CFC1E3528BF93AC00BCFD6F /* Coordinator */,
				2CFC1E3A28BF93C600BCFD6F /* CoordinatorFactory */,
				2CFC1E3F28BF93E400BCFD6F /* ModuleFactory */,
				2CFC1E4A28BF940B00BCFD6F /* Router */,
				2CFC1E5528BF942600BCFD6F /* MainFlow */,
				2CFC1EA428BF969500BCFD6F /* Model */,
				2CFC1E2928BF930A00BCFD6F /* Info.plist */,
				2CFC1E2428BF930A00BCFD6F /* Assets.xcassets */,
			);
			path = WeatherApp;
			sourceTree = "<group>";
		};
		2CFC1E3028BF938300BCFD6F /* Scene */ = {
			isa = PBXGroup;
			children = (
				2CFC1E3128BF938300BCFD6F /* SceneCoordinator.swift */,
				2CFC1E3228BF938300BCFD6F /* SceneDelegate.swift */,
			);
			path = Scene;
			sourceTree = "<group>";
		};
		2CFC1E3528BF93AC00BCFD6F /* Coordinator */ = {
			isa = PBXGroup;
			children = (
				2CFC1E3628BF93AC00BCFD6F /* Coordinatorable.swift */,
				2CFC1E3728BF93AC00BCFD6F /* BaseCoordinator.swift */,
			);
			path = Coordinator;
			sourceTree = "<group>";
		};
		2CFC1E3A28BF93C600BCFD6F /* CoordinatorFactory */ = {
			isa = PBXGroup;
			children = (
				2CFC1E3B28BF93C600BCFD6F /* CoordinatorFactoriable.swift */,
				2CFC1E3C28BF93C600BCFD6F /* CoordinatorFactory.swift */,
			);
			path = CoordinatorFactory;
			sourceTree = "<group>";
		};
		2CFC1E3F28BF93E400BCFD6F /* ModuleFactory */ = {
			isa = PBXGroup;
			children = (
				2CFC1E4028BF93E400BCFD6F /* ModuleFactory.swift */,
				2C9B46B528C2223B003EE062 /* MoreInformationFactoriable.swift */,
				2CFC1E4128BF93E400BCFD6F /* WeatherModuleFactoriable.swift */,
				2CFC1E4228BF93E400BCFD6F /* CitiesTableModuleFactoriable.swift */,
				2CFC1E4328BF93E400BCFD6F /* CitiesSearchModuleFactoriable.swift */,
				2CFC1E4428BF93E400BCFD6F /* WeatherPageModuleFactoriable.swift */,
			);
			path = ModuleFactory;
			sourceTree = "<group>";
		};
		2CFC1E4A28BF940B00BCFD6F /* Router */ = {
			isa = PBXGroup;
			children = (
				2CFC1E4D28BF940B00BCFD6F /* Router.swift */,
				2CFC1E4B28BF940B00BCFD6F /* Presentable.swift */,
				2CFC1E4C28BF940B00BCFD6F /* PageControllable.swift */,
				2CFC1E4E28BF940B00BCFD6F /* Routerable.swift */,
				2CFC1E4F28BF940B00BCFD6F /* NavigationControllable.swift */,
			);
			path = Router;
			sourceTree = "<group>";
		};
		2CFC1E5528BF942600BCFD6F /* MainFlow */ = {
			isa = PBXGroup;
			children = (
				2CFC1E5A28BF942600BCFD6F /* MainCoordinator.swift */,
				2CFC1E5728BF942600BCFD6F /* WeatherPageController.swift */,
				2CFC1E5828BF942600BCFD6F /* CitiesSearchController.swift */,
				2C9B46B328C221F5003EE062 /* MoreInformationController.swift */,
				2C9B46AF28C08799003EE062 /* WeatherController */,
				2C9B46B028C140EC003EE062 /* CitiesTableController */,
			);
			path = MainFlow;
			sourceTree = "<group>";
		};
		2CFC1EA428BF969500BCFD6F /* Model */ = {
			isa = PBXGroup;
			children = (
				2CFC1EB828BF973000BCFD6F /* UserDefaultsKeys.swift */,
				2CFC1ECA28BFA18C00BCFD6F /* ModelWeather */,
				2CFC1ECB28BFA19500BCFD6F /* ModelCitiesSearch  */,
				2CFC1EBE28BF974900BCFD6F /* NetworkCommunication */,
			);
			path = Model;
			sourceTree = "<group>";
		};
		2CFC1EA728BF96C100BCFD6F /* CitiesNetwork */ = {
			isa = PBXGroup;
			children = (
				2CFC1EAA28BF96D900BCFD6F /* CitiesSearcherDelegate.swift */,
				2CFC1EAC28BF96DF00BCFD6F /* CitiesSearchRequestComponents.swift */,
			);
			path = CitiesNetwork;
			sourceTree = "<group>";
		};
		2CFC1EBC28BF974900BCFD6F /* WeatherNetwork */ = {
			isa = PBXGroup;
			children = (
				2CFC1EBD28BF974900BCFD6F /* GeoCityRequestComponents.swift */,
				2CFC1EC228BF974900BCFD6F /* WeatherRequestComponents.swift */,
			);
			path = WeatherNetwork;
			sourceTree = "<group>";
		};
		2CFC1EBE28BF974900BCFD6F /* NetworkCommunication */ = {
			isa = PBXGroup;
			children = (
				2CFC1EBF28BF974900BCFD6F /* URLConfigurationKeys.swift */,
				2CFC1EC028BF974900BCFD6F /* Downloader.swift */,
				2CFC1EC128BF974900BCFD6F /* APIComponents.swift */,
			);
			path = NetworkCommunication;
			sourceTree = "<group>";
		};
		2CFC1ECA28BFA18C00BCFD6F /* ModelWeather */ = {
			isa = PBXGroup;
			children = (
				2CFC1EA528BF96B200BCFD6F /* WeatherModel.swift */,
				2CFC1EB228BF971300BCFD6F /* Coordinates.swift */,
				2CFC1EB628BF972800BCFD6F /* WeatherModelConstants.swift */,
				2CFC1EBC28BF974900BCFD6F /* WeatherNetwork */,
			);
			path = ModelWeather;
			sourceTree = "<group>";
		};
		2CFC1ECB28BFA19500BCFD6F /* ModelCitiesSearch  */ = {
			isa = PBXGroup;
			children = (
				2CFC1EB028BF970D00BCFD6F /* CitiesSearchModel.swift */,
				2CFC1EAE28BF96F300BCFD6F /* CitiesSearchConstants.swift */,
				2CFC1EA828BF96D300BCFD6F /* CitiesSearcherOperation.swift */,
				2CFC1EA728BF96C100BCFD6F /* CitiesNetwork */,
			);
			path = "ModelCitiesSearch ";
			sourceTree = "<group>";
		};
/* End PBXGroup section */

/* Begin PBXNativeTarget section */
		2CFC1E1728BF930800BCFD6F /* WeatherApp */ = {
			isa = PBXNativeTarget;
			buildConfigurationList = 2CFC1E2C28BF930A00BCFD6F /* Build configuration list for PBXNativeTarget "WeatherApp" */;
			buildPhases = (
				2CFC1E1428BF930800BCFD6F /* Sources */,
				2CFC1E1528BF930800BCFD6F /* Frameworks */,
				2CFC1E1628BF930800BCFD6F /* Resources */,
			);
			buildRules = (
			);
			dependencies = (
			);
			name = WeatherApp;
			productName = WeatherApp;
			productReference = 2CFC1E1828BF930800BCFD6F /* WeatherApp.app */;
			productType = "com.apple.product-type.application";
		};
/* End PBXNativeTarget section */

/* Begin PBXProject section */
		2CFC1E1028BF930800BCFD6F /* Project object */ = {
			isa = PBXProject;
			attributes = {
				BuildIndependentTargetsInParallel = 1;
				LastSwiftUpdateCheck = 1340;
				LastUpgradeCheck = 1340;
				TargetAttributes = {
					2CFC1E1728BF930800BCFD6F = {
						CreatedOnToolsVersion = 13.4.1;
					};
				};
			};
			buildConfigurationList = 2CFC1E1328BF930800BCFD6F /* Build configuration list for PBXProject "WeatherApp" */;
			compatibilityVersion = "Xcode 13.0";
			developmentRegion = en;
			hasScannedForEncodings = 0;
			knownRegions = (
				en,
				Base,
			);
			mainGroup = 2CFC1E0F28BF930800BCFD6F;
			productRefGroup = 2CFC1E1928BF930800BCFD6F /* Products */;
			projectDirPath = "";
			projectRoot = "";
			targets = (
				2CFC1E1728BF930800BCFD6F /* WeatherApp */,
			);
		};
/* End PBXProject section */

/* Begin PBXResourcesBuildPhase section */
		2CFC1E1628BF930800BCFD6F /* Resources */ = {
			isa = PBXResourcesBuildPhase;
			buildActionMask = 2147483647;
			files = (
				2CFC1E2528BF930A00BCFD6F /* Assets.xcassets in Resources */,
			);
			runOnlyForDeploymentPostprocessing = 0;
		};
/* End PBXResourcesBuildPhase section */

/* Begin PBXSourcesBuildPhase section */
		2CFC1E1428BF930800BCFD6F /* Sources */ = {
			isa = PBXSourcesBuildPhase;
			buildActionMask = 2147483647;
			files = (
				2CFC1E5328BF940B00BCFD6F /* Routerable.swift in Sources */,
				2CFC1E3928BF93AC00BCFD6F /* BaseCoordinator.swift in Sources */,
				2CFC1E3D28BF93C600BCFD6F /* CoordinatorFactoriable.swift in Sources */,
				2CFC1E3E28BF93C600BCFD6F /* CoordinatorFactory.swift in Sources */,
				2CFC1EA928BF96D300BCFD6F /* CitiesSearcherOperation.swift in Sources */,
				2CFC1E3828BF93AC00BCFD6F /* Coordinatorable.swift in Sources */,
				2CFC1E6228BF942600BCFD6F /* MainCoordinator.swift in Sources */,
				2CFC1EB328BF971300BCFD6F /* Coordinates.swift in Sources */,
				2CFC1EC528BF974900BCFD6F /* Downloader.swift in Sources */,
				2CFC1EC728BF974900BCFD6F /* WeatherRequestComponents.swift in Sources */,
				2CFC1E4528BF93E400BCFD6F /* ModuleFactory.swift in Sources */,
				2CFC1EAD28BF96DF00BCFD6F /* CitiesSearchRequestComponents.swift in Sources */,
				2CFC1E1C28BF930800BCFD6F /* AppDelegate.swift in Sources */,
				2CFC1EB128BF970D00BCFD6F /* CitiesSearchModel.swift in Sources */,
				2CFC1E3328BF938300BCFD6F /* SceneCoordinator.swift in Sources */,
				2CFC1E5228BF940B00BCFD6F /* Router.swift in Sources */,
				2CFC1E5128BF940B00BCFD6F /* PageControllable.swift in Sources */,
				2CFC1E6128BF942600BCFD6F /* WeatherColors.swift in Sources */,
				2CFC1E6428BF942600BCFD6F /* WeatherInterfaceComponents.swift in Sources */,
				2CFC1E4628BF93E400BCFD6F /* WeatherModuleFactoriable.swift in Sources */,
				2CFC1EC328BF974900BCFD6F /* GeoCityRequestComponents.swift in Sources */,
				2CFC1EAF28BF96F300BCFD6F /* CitiesSearchConstants.swift in Sources */,
				2CFC1E6528BF942600BCFD6F /* WeatherController.swift in Sources */,
				2CFC1EC428BF974900BCFD6F /* URLConfigurationKeys.swift in Sources */,
				2C9B46B628C2223B003EE062 /* MoreInformationFactoriable.swift in Sources */,
				2CFC1E4928BF93E400BCFD6F /* WeatherPageModuleFactoriable.swift in Sources */,
				2CFC1EB928BF973000BCFD6F /* UserDefaultsKeys.swift in Sources */,
				2CFC1E5428BF940B00BCFD6F /* NavigationControllable.swift in Sources */,
				2CFC1E5E28BF942600BCFD6F /* WeatherIcon.swift in Sources */,
				2CFC1EA628BF96B200BCFD6F /* WeatherModel.swift in Sources */,
				2CFC1E5F28BF942600BCFD6F /* WeatherPageController.swift in Sources */,
				2CFC1E4728BF93E400BCFD6F /* CitiesTableModuleFactoriable.swift in Sources */,
				2CFC1E5028BF940B00BCFD6F /* Presentable.swift in Sources */,
				2C9B46B428C221F5003EE062 /* MoreInformationController.swift in Sources */,
				2CFC1E6328BF942600BCFD6F /* CitiesTableController.swift in Sources */,
				2CFC1EAB28BF96D900BCFD6F /* CitiesSearcherDelegate.swift in Sources */,
				2CFC1EB728BF972800BCFD6F /* WeatherModelConstants.swift in Sources */,
				2CFC1E3428BF938300BCFD6F /* SceneDelegate.swift in Sources */,
				2C9B46B228C14105003EE062 /* CitiesCell.swift in Sources */,
				2CFC1E6028BF942600BCFD6F /* CitiesSearchController.swift in Sources */,
				2CFC1EC628BF974900BCFD6F /* APIComponents.swift in Sources */,
				2CFC1E4828BF93E400BCFD6F /* CitiesSearchModuleFactoriable.swift in Sources */,
			);
			runOnlyForDeploymentPostprocessing = 0;
		};
/* End PBXSourcesBuildPhase section */

/* Begin XCBuildConfiguration section */
		2CFC1E2A28BF930A00BCFD6F /* Debug */ = {
			isa = XCBuildConfiguration;
			buildSettings = {
				ALWAYS_SEARCH_USER_PATHS = NO;
				CLANG_ANALYZER_NONNULL = YES;
				CLANG_ANALYZER_NUMBER_OBJECT_CONVERSION = YES_AGGRESSIVE;
				CLANG_CXX_LANGUAGE_STANDARD = "gnu++17";
				CLANG_ENABLE_MODULES = YES;
				CLANG_ENABLE_OBJC_ARC = YES;
				CLANG_ENABLE_OBJC_WEAK = YES;
				CLANG_WARN_BLOCK_CAPTURE_AUTORELEASING = YES;
				CLANG_WARN_BOOL_CONVERSION = YES;
				CLANG_WARN_COMMA = YES;
				CLANG_WARN_CONSTANT_CONVERSION = YES;
				CLANG_WARN_DEPRECATED_OBJC_IMPLEMENTATIONS = YES;
				CLANG_WARN_DIRECT_OBJC_ISA_USAGE = YES_ERROR;
				CLANG_WARN_DOCUMENTATION_COMMENTS = YES;
				CLANG_WARN_EMPTY_BODY = YES;
				CLANG_WARN_ENUM_CONVERSION = YES;
				CLANG_WARN_INFINITE_RECURSION = YES;
				CLANG_WARN_INT_CONVERSION = YES;
				CLANG_WARN_NON_LITERAL_NULL_CONVERSION = YES;
				CLANG_WARN_OBJC_IMPLICIT_RETAIN_SELF = YES;
				CLANG_WARN_OBJC_LITERAL_CONVERSION = YES;
				CLANG_WARN_OBJC_ROOT_CLASS = YES_ERROR;
				CLANG_WARN_QUOTED_INCLUDE_IN_FRAMEWORK_HEADER = YES;
				CLANG_WARN_RANGE_LOOP_ANALYSIS = YES;
				CLANG_WARN_STRICT_PROTOTYPES = YES;
				CLANG_WARN_SUSPICIOUS_MOVE = YES;
				CLANG_WARN_UNGUARDED_AVAILABILITY = YES_AGGRESSIVE;
				CLANG_WARN_UNREACHABLE_CODE = YES;
				CLANG_WARN__DUPLICATE_METHOD_MATCH = YES;
				COPY_PHASE_STRIP = NO;
				DEBUG_INFORMATION_FORMAT = dwarf;
				ENABLE_STRICT_OBJC_MSGSEND = YES;
				ENABLE_TESTABILITY = YES;
				GCC_C_LANGUAGE_STANDARD = gnu11;
				GCC_DYNAMIC_NO_PIC = NO;
				GCC_NO_COMMON_BLOCKS = YES;
				GCC_OPTIMIZATION_LEVEL = 0;
				GCC_PREPROCESSOR_DEFINITIONS = (
					"DEBUG=1",
					"$(inherited)",
				);
				GCC_WARN_64_TO_32_BIT_CONVERSION = YES;
				GCC_WARN_ABOUT_RETURN_TYPE = YES_ERROR;
				GCC_WARN_UNDECLARED_SELECTOR = YES;
				GCC_WARN_UNINITIALIZED_AUTOS = YES_AGGRESSIVE;
				GCC_WARN_UNUSED_FUNCTION = YES;
				GCC_WARN_UNUSED_VARIABLE = YES;
				IPHONEOS_DEPLOYMENT_TARGET = 15.5;
				MTL_ENABLE_DEBUG_INFO = INCLUDE_SOURCE;
				MTL_FAST_MATH = YES;
				ONLY_ACTIVE_ARCH = YES;
				SDKROOT = iphoneos;
				SWIFT_ACTIVE_COMPILATION_CONDITIONS = DEBUG;
				SWIFT_OPTIMIZATION_LEVEL = "-Onone";
			};
			name = Debug;
		};
		2CFC1E2B28BF930A00BCFD6F /* Release */ = {
			isa = XCBuildConfiguration;
			buildSettings = {
				ALWAYS_SEARCH_USER_PATHS = NO;
				CLANG_ANALYZER_NONNULL = YES;
				CLANG_ANALYZER_NUMBER_OBJECT_CONVERSION = YES_AGGRESSIVE;
				CLANG_CXX_LANGUAGE_STANDARD = "gnu++17";
				CLANG_ENABLE_MODULES = YES;
				CLANG_ENABLE_OBJC_ARC = YES;
				CLANG_ENABLE_OBJC_WEAK = YES;
				CLANG_WARN_BLOCK_CAPTURE_AUTORELEASING = YES;
				CLANG_WARN_BOOL_CONVERSION = YES;
				CLANG_WARN_COMMA = YES;
				CLANG_WARN_CONSTANT_CONVERSION = YES;
				CLANG_WARN_DEPRECATED_OBJC_IMPLEMENTATIONS = YES;
				CLANG_WARN_DIRECT_OBJC_ISA_USAGE = YES_ERROR;
				CLANG_WARN_DOCUMENTATION_COMMENTS = YES;
				CLANG_WARN_EMPTY_BODY = YES;
				CLANG_WARN_ENUM_CONVERSION = YES;
				CLANG_WARN_INFINITE_RECURSION = YES;
				CLANG_WARN_INT_CONVERSION = YES;
				CLANG_WARN_NON_LITERAL_NULL_CONVERSION = YES;
				CLANG_WARN_OBJC_IMPLICIT_RETAIN_SELF = YES;
				CLANG_WARN_OBJC_LITERAL_CONVERSION = YES;
				CLANG_WARN_OBJC_ROOT_CLASS = YES_ERROR;
				CLANG_WARN_QUOTED_INCLUDE_IN_FRAMEWORK_HEADER = YES;
				CLANG_WARN_RANGE_LOOP_ANALYSIS = YES;
				CLANG_WARN_STRICT_PROTOTYPES = YES;
				CLANG_WARN_SUSPICIOUS_MOVE = YES;
				CLANG_WARN_UNGUARDED_AVAILABILITY = YES_AGGRESSIVE;
				CLANG_WARN_UNREACHABLE_CODE = YES;
				CLANG_WARN__DUPLICATE_METHOD_MATCH = YES;
				COPY_PHASE_STRIP = NO;
				DEBUG_INFORMATION_FORMAT = "dwarf-with-dsym";
				ENABLE_NS_ASSERTIONS = NO;
				ENABLE_STRICT_OBJC_MSGSEND = YES;
				GCC_C_LANGUAGE_STANDARD = gnu11;
				GCC_NO_COMMON_BLOCKS = YES;
				GCC_WARN_64_TO_32_BIT_CONVERSION = YES;
				GCC_WARN_ABOUT_RETURN_TYPE = YES_ERROR;
				GCC_WARN_UNDECLARED_SELECTOR = YES;
				GCC_WARN_UNINITIALIZED_AUTOS = YES_AGGRESSIVE;
				GCC_WARN_UNUSED_FUNCTION = YES;
				GCC_WARN_UNUSED_VARIABLE = YES;
				IPHONEOS_DEPLOYMENT_TARGET = 15.5;
				MTL_ENABLE_DEBUG_INFO = NO;
				MTL_FAST_MATH = YES;
				SDKROOT = iphoneos;
				SWIFT_COMPILATION_MODE = wholemodule;
				SWIFT_OPTIMIZATION_LEVEL = "-O";
				VALIDATE_PRODUCT = YES;
			};
			name = Release;
		};
		2CFC1E2D28BF930A00BCFD6F /* Debug */ = {
			isa = XCBuildConfiguration;
			buildSettings = {
				ASSETCATALOG_COMPILER_APPICON_NAME = AppIcon;
				ASSETCATALOG_COMPILER_GLOBAL_ACCENT_COLOR_NAME = AccentColor;
				CODE_SIGN_STYLE = Automatic;
				CURRENT_PROJECT_VERSION = 1;
				DEVELOPMENT_TEAM = X74926QW5W;
				GENERATE_INFOPLIST_FILE = YES;
				INFOPLIST_FILE = WeatherApp/Info.plist;
				INFOPLIST_KEY_UIApplicationSupportsIndirectInputEvents = YES;
				INFOPLIST_KEY_UILaunchStoryboardName = LaunchScreen;
				INFOPLIST_KEY_UISupportedInterfaceOrientations = UIInterfaceOrientationPortrait;
				INFOPLIST_KEY_UISupportedInterfaceOrientations_iPad = "UIInterfaceOrientationPortrait UIInterfaceOrientationPortraitUpsideDown UIInterfaceOrientationLandscapeLeft UIInterfaceOrientationLandscapeRight";
				INFOPLIST_KEY_UISupportedInterfaceOrientations_iPhone = "UIInterfaceOrientationPortrait UIInterfaceOrientationLandscapeLeft UIInterfaceOrientationLandscapeRight";
				LD_RUNPATH_SEARCH_PATHS = (
					"$(inherited)",
					"@executable_path/Frameworks",
				);
				MARKETING_VERSION = 1.0;
				PRODUCT_BUNDLE_IDENTIFIER = iOne.WeatherApp;
				PRODUCT_NAME = "$(TARGET_NAME)";
				SWIFT_EMIT_LOC_STRINGS = YES;
				SWIFT_VERSION = 5.0;
				TARGETED_DEVICE_FAMILY = 1;
			};
			name = Debug;
		};
		2CFC1E2E28BF930A00BCFD6F /* Release */ = {
			isa = XCBuildConfiguration;
			buildSettings = {
				ASSETCATALOG_COMPILER_APPICON_NAME = AppIcon;
				ASSETCATALOG_COMPILER_GLOBAL_ACCENT_COLOR_NAME = AccentColor;
				CODE_SIGN_STYLE = Automatic;
				CURRENT_PROJECT_VERSION = 1;
				DEVELOPMENT_TEAM = X74926QW5W;
				GENERATE_INFOPLIST_FILE = YES;
				INFOPLIST_FILE = WeatherApp/Info.plist;
				INFOPLIST_KEY_UIApplicationSupportsIndirectInputEvents = YES;
				INFOPLIST_KEY_UILaunchStoryboardName = LaunchScreen;
				INFOPLIST_KEY_UISupportedInterfaceOrientations = UIInterfaceOrientationPortrait;
				INFOPLIST_KEY_UISupportedInterfaceOrientations_iPad = "UIInterfaceOrientationPortrait UIInterfaceOrientationPortraitUpsideDown UIInterfaceOrientationLandscapeLeft UIInterfaceOrientationLandscapeRight";
				INFOPLIST_KEY_UISupportedInterfaceOrientations_iPhone = "UIInterfaceOrientationPortrait UIInterfaceOrientationLandscapeLeft UIInterfaceOrientationLandscapeRight";
				LD_RUNPATH_SEARCH_PATHS = (
					"$(inherited)",
					"@executable_path/Frameworks",
				);
				MARKETING_VERSION = 1.0;
				PRODUCT_BUNDLE_IDENTIFIER = iOne.WeatherApp;
				PRODUCT_NAME = "$(TARGET_NAME)";
				SWIFT_EMIT_LOC_STRINGS = YES;
				SWIFT_VERSION = 5.0;
				TARGETED_DEVICE_FAMILY = 1;
			};
			name = Release;
		};
/* End XCBuildConfiguration section */

/* Begin XCConfigurationList section */
		2CFC1E1328BF930800BCFD6F /* Build configuration list for PBXProject "WeatherApp" */ = {
			isa = XCConfigurationList;
			buildConfigurations = (
				2CFC1E2A28BF930A00BCFD6F /* Debug */,
				2CFC1E2B28BF930A00BCFD6F /* Release */,
			);
			defaultConfigurationIsVisible = 0;
			defaultConfigurationName = Release;
		};
		2CFC1E2C28BF930A00BCFD6F /* Build configuration list for PBXNativeTarget "WeatherApp" */ = {
			isa = XCConfigurationList;
			buildConfigurations = (
				2CFC1E2D28BF930A00BCFD6F /* Debug */,
				2CFC1E2E28BF930A00BCFD6F /* Release */,
			);
			defaultConfigurationIsVisible = 0;
			defaultConfigurationName = Release;
		};
/* End XCConfigurationList section */
	};
	rootObject = 2CFC1E1028BF930800BCFD6F /* Project object */;
}
